
Microsoft Visual Studio Solution File, Format Version 12.00
# Visual Studio Version 17
VisualStudioVersion = 17.10.34607.79
MinimumVisualStudioVersion = 10.0.40219.1
Project("{FAE04EC0-301F-11D3-BF4B-00C04F79EFBC}") = "TH02L01_2174801040935_VuThanhTrung_Lab2", "TH02L01_2174801040935_VuThanhTrung_Lab2.csproj", "{5C4A6969-A844-4AD9-88DA-6AFC3211EEF7}"
EndProject
Global
	GlobalSection(SolutionConfigurationPlatforms) = preSolution
		Debug|Any CPU = Debug|Any CPU
		Release|Any CPU = Release|Any CPU
	EndGlobalSection
	GlobalSection(ProjectConfigurationPlatforms) = postSolution
		{5C4A6969-A844-4AD9-88DA-6AFC3211EEF7}.Debug|Any CPU.ActiveCfg = Debug|Any CPU
		{5C4A6969-A844-4AD9-88DA-6AFC3211EEF7}.Debug|Any CPU.Build.0 = Debug|Any CPU
		{5C4A6969-A844-4AD9-88DA-6AFC3211EEF7}.Release|Any CPU.ActiveCfg = Release|Any CPU
		{5C4A6969-A844-4AD9-88DA-6AFC3211EEF7}.Release|Any CPU.Build.0 = Release|Any CPU
	EndGlobalSection
	GlobalSection(SolutionProperties) = preSolution
		HideSolutionNode = FALSE
	EndGlobalSection
	GlobalSection(ExtensibilityGlobals) = postSolution
		SolutionGuid = {BC70C42F-C695-413C-BE81-1AF406E92E81}
	EndGlobalSection
EndGlobal
